dependencies:
- name: postgresql
  repository: https://charts.bitnami.com/bitnami
  version: 12.4.2
- name: postgresql
  repository: https://charts.bitnami.com/bitnami
  version: 12.4.2
digest: sha256:9cc29b70b1232959b1a4dbf3c1b17cf43bab0fa5b6e4c9ff5356ec095090e910
generated: "2023-11-23T22:04:30.145804568+01:00"
