dependencies:
- name: postgresql
  repository: https://charts.bitnami.com/bitnami
  version: 13.2.21
- name: postgresql
  repository: https://charts.bitnami.com/bitnami
  version: 13.2.21
- name: loki-stack
  repository: https://grafana.github.io/helm-charts
  version: 2.5.0
digest: sha256:2139db5450f3c5a2a519b7608095c4eebda44ea9b10b0c8387727cf3205f5aff
generated: "2023-11-28T14:54:41.862673229+01:00"
