dependencies:
- name: kubernetes-dashboard
  repository: https://kubernetes.github.io/dashboard/
  version: 7.10.5
- name: metrics-server
  repository: https://kubernetes-sigs.github.io/metrics-server
  version: 3.12.2
- name: kube-prometheus-stack
  repository: https://prometheus-community.github.io/helm-charts
  version: 70.0.2
- name: redis
  repository: https://charts.bitnami.com/bitnami
  version: 19.6.2
- name: nats
  repository: https://nats-io.github.io/k8s/helm/charts/
  version: 1.2.1
- name: argo-rollouts
  repository: https://argoproj.github.io/argo-helm
  version: 2.39.1
- name: jaeger
  repository: https://jaegertracing.github.io/helm-charts
  version: 3.1.1
- name: postgresql
  repository: https://charts.bitnami.com/bitnami
  version: 12.5.6
- name: postgresql
  repository: https://charts.bitnami.com/bitnami
  version: 12.5.6
- name: postgresql
  repository: https://charts.bitnami.com/bitnami
  version: 12.5.6
- name: postgresql
  repository: https://charts.bitnami.com/bitnami
  version: 12.5.6
- name: postgresql
  repository: https://charts.bitnami.com/bitnami
  version: 12.5.6
- name: postgresql
  repository: https://charts.bitnami.com/bitnami
  version: 12.5.6
- name: postgresql
  repository: https://charts.bitnami.com/bitnami
  version: 12.5.6
- name: postgresql
  repository: https://charts.bitnami.com/bitnami
  version: 12.5.6
- name: postgresql
  repository: https://charts.bitnami.com/bitnami
  version: 12.5.6
- name: postgresql
  repository: https://charts.bitnami.com/bitnami
  version: 12.5.6
digest: sha256:ac082133b400cac6b335d4b5478f7b10859b5d3ed8376b1881842220818c6105
generated: "2025-03-20T22:47:45.387764666+03:00"
